{
  "name": "mdn-tools",
  "lockfileVersion": 3,
  "requires": true,
  "packages": {
    "": {
      "name": "mdn-tools",
      "license": "MIT",
      "dependencies": {
        "@mdn/browser-compat-data": "^5.6.18",
        "mdn-data": "^2.12.2"
      }
    },
    "node_modules/@mdn/browser-compat-data": {
      "version": "5.6.18",
      "resolved": "https://registry.npmjs.org/@mdn/browser-compat-data/-/browser-compat-data-5.6.18.tgz",
      "integrity": "sha512-WCQcQGyydquw7NXPL2NopMCgmUvIQDG7KM/IGR4PMJSDH5SHZKXUDEF6rdpGWj0MtcjQseOCl/hjzYzj0fMMeA==",
      "license": "CC0-1.0"
    },
    "node_modules/mdn-data": {
      "version": "2.12.2",
      "resolved": "https://registry.npmjs.org/mdn-data/-/mdn-data-2.12.2.tgz",
      "integrity": "sha512-IEn+pegP1aManZuckezWCO+XZQDplx1366JoVhTpMpBB1sPey/SbveZQUosKiKiGYjg1wH4pMlNgXbCiYgihQA==",
      "license": "CC0-1.0"
    }
  }
}
